
Microsoft Visual Studio Solution File, Format Version 12.00
# Visual Studio 2013
VisualStudioVersion = 12.0.21005.1
MinimumVisualStudioVersion = 10.0.40219.1
Project("{FAE04EC0-301F-11D3-BF4B-00C04F79EFBC}") = "BeautyRegister", "BeautyRegister\BeautyRegister.csproj", "{96E2679E-6414-475C-9B97-CBFA87AEAED5}"
EndProject
Project("{FAE04EC0-301F-11D3-BF4B-00C04F79EFBC}") = "LocalDAL", "LocalDAL\LocalDAL.csproj", "{4D4E7EE1-DB50-4DAA-BA80-4A32D875E043}"
EndProject
Project("{FAE04EC0-301F-11D3-BF4B-00C04F79EFBC}") = "DataClasses", "DataClasses\DataClasses.csproj", "{6DE2BA00-F177-46D8-A6C0-080855A915C6}"
EndProject
Global
	GlobalSection(SolutionConfigurationPlatforms) = preSolution
		Debug|Any CPU = Debug|Any CPU
		Release|Any CPU = Release|Any CPU
	EndGlobalSection
	GlobalSection(ProjectConfigurationPlatforms) = postSolution
		{96E2679E-6414-475C-9B97-CBFA87AEAED5}.Debug|Any CPU.ActiveCfg = Debug|Any CPU
		{96E2679E-6414-475C-9B97-CBFA87AEAED5}.Debug|Any CPU.Build.0 = Debug|Any CPU
		{96E2679E-6414-475C-9B97-CBFA87AEAED5}.Release|Any CPU.ActiveCfg = Release|Any CPU
		{96E2679E-6414-475C-9B97-CBFA87AEAED5}.Release|Any CPU.Build.0 = Release|Any CPU
		{4D4E7EE1-DB50-4DAA-BA80-4A32D875E043}.Debug|Any CPU.ActiveCfg = Debug|Any CPU
		{4D4E7EE1-DB50-4DAA-BA80-4A32D875E043}.Debug|Any CPU.Build.0 = Debug|Any CPU
		{4D4E7EE1-DB50-4DAA-BA80-4A32D875E043}.Release|Any CPU.ActiveCfg = Release|Any CPU
		{4D4E7EE1-DB50-4DAA-BA80-4A32D875E043}.Release|Any CPU.Build.0 = Release|Any CPU
		{6DE2BA00-F177-46D8-A6C0-080855A915C6}.Debug|Any CPU.ActiveCfg = Debug|Any CPU
		{6DE2BA00-F177-46D8-A6C0-080855A915C6}.Debug|Any CPU.Build.0 = Debug|Any CPU
		{6DE2BA00-F177-46D8-A6C0-080855A915C6}.Release|Any CPU.ActiveCfg = Release|Any CPU
		{6DE2BA00-F177-46D8-A6C0-080855A915C6}.Release|Any CPU.Build.0 = Release|Any CPU
	EndGlobalSection
	GlobalSection(SolutionProperties) = preSolution
		HideSolutionNode = FALSE
	EndGlobalSection
EndGlobal
